
Microsoft Visual Studio Solution File, Format Version 12.00
# Visual Studio 15
VisualStudioVersion = 15.0.26430.6
MinimumVisualStudioVersion = 10.0.40219.1
Project("{9A19103F-16F7-4668-BE54-9A1E7A4F7556}") = "NetZlib", "src\NetZlib\NetZlib.csproj", "{93AB93BC-8A8D-4F66-90CB-3893299D601C}"
EndProject
Project("{2150E333-8FDC-42A3-9474-1A3956D46DE8}") = "src", "src", "{EF3FF37D-94AF-401D-A374-CD8B6774F9F6}"
EndProject
Project("{2150E333-8FDC-42A3-9474-1A3956D46DE8}") = "test", "test", "{BBB28E8B-B17E-4DD4-B832-3BB055361AFA}"
EndProject
Project("{FAE04EC0-301F-11D3-BF4B-00C04F79EFBC}") = "NetZlib.Tests", "test\NetZlib.Tests\NetZlib.Tests.csproj", "{B9ED1865-09A5-4F0C-991F-8589BE073817}"
EndProject
Global
	GlobalSection(SolutionConfigurationPlatforms) = preSolution
		Debug|Any CPU = Debug|Any CPU
		Release|Any CPU = Release|Any CPU
	EndGlobalSection
	GlobalSection(ProjectConfigurationPlatforms) = postSolution
		{93AB93BC-8A8D-4F66-90CB-3893299D601C}.Debug|Any CPU.ActiveCfg = Debug|Any CPU
		{93AB93BC-8A8D-4F66-90CB-3893299D601C}.Debug|Any CPU.Build.0 = Debug|Any CPU
		{93AB93BC-8A8D-4F66-90CB-3893299D601C}.Release|Any CPU.ActiveCfg = Release|Any CPU
		{93AB93BC-8A8D-4F66-90CB-3893299D601C}.Release|Any CPU.Build.0 = Release|Any CPU
		{B9ED1865-09A5-4F0C-991F-8589BE073817}.Debug|Any CPU.ActiveCfg = Debug|Any CPU
		{B9ED1865-09A5-4F0C-991F-8589BE073817}.Debug|Any CPU.Build.0 = Debug|Any CPU
		{B9ED1865-09A5-4F0C-991F-8589BE073817}.Release|Any CPU.ActiveCfg = Release|Any CPU
		{B9ED1865-09A5-4F0C-991F-8589BE073817}.Release|Any CPU.Build.0 = Release|Any CPU
	EndGlobalSection
	GlobalSection(SolutionProperties) = preSolution
		HideSolutionNode = FALSE
	EndGlobalSection
	GlobalSection(NestedProjects) = preSolution
		{93AB93BC-8A8D-4F66-90CB-3893299D601C} = {EF3FF37D-94AF-401D-A374-CD8B6774F9F6}
		{B9ED1865-09A5-4F0C-991F-8589BE073817} = {BBB28E8B-B17E-4DD4-B832-3BB055361AFA}
	EndGlobalSection
EndGlobal
